
Microsoft Visual Studio Solution File, Format Version 12.00
# Visual Studio Version 17
VisualStudioVersion = 17.4.33103.184
MinimumVisualStudioVersion = 10.0.40219.1
Project("{FAE04EC0-301F-11D3-BF4B-00C04F79EFBC}") = "YoutubeVideoDownloader", "YoutubeVideoDownloader\YoutubeVideoDownloader.csproj", "{EBE7EC80-4B7A-4E61-B204-A4458CF9CEA7}"
EndProject
Global
	GlobalSection(SolutionConfigurationPlatforms) = preSolution
		Debug|Any CPU = Debug|Any CPU
		Release|Any CPU = Release|Any CPU
	EndGlobalSection
	GlobalSection(ProjectConfigurationPlatforms) = postSolution
		{EBE7EC80-4B7A-4E61-B204-A4458CF9CEA7}.Debug|Any CPU.ActiveCfg = Debug|Any CPU
		{EBE7EC80-4B7A-4E61-B204-A4458CF9CEA7}.Debug|Any CPU.Build.0 = Debug|Any CPU
		{EBE7EC80-4B7A-4E61-B204-A4458CF9CEA7}.Release|Any CPU.ActiveCfg = Release|Any CPU
		{EBE7EC80-4B7A-4E61-B204-A4458CF9CEA7}.Release|Any CPU.Build.0 = Release|Any CPU
	EndGlobalSection
	GlobalSection(SolutionProperties) = preSolution
		HideSolutionNode = FALSE
	EndGlobalSection
	GlobalSection(ExtensibilityGlobals) = postSolution
		SolutionGuid = {8376C24F-DA4E-4282-8B43-927AE59DF536}
	EndGlobalSection
EndGlobal
